
Microsoft Visual Studio Solution File, Format Version 12.00
# Visual Studio Version 16
VisualStudioVersion = 16.0.30804.86
MinimumVisualStudioVersion = 10.0.40219.1
Project("{FAE04EC0-301F-11D3-BF4B-00C04F79EFBC}") = "ThinkBridge", "ThinkBridge\ThinkBridge.csproj", "{1B983FFF-4043-4F6D-9992-F82056827440}"
EndProject
Project("{FAE04EC0-301F-11D3-BF4B-00C04F79EFBC}") = "ThinkBridge.Tests", "ThinkBridge.Tests\ThinkBridge.Tests.csproj", "{B5F6E9DF-CB3B-4490-95C3-80352F3D4F71}"
EndProject
Global
	GlobalSection(SolutionConfigurationPlatforms) = preSolution
		Debug|Any CPU = Debug|Any CPU
		Release|Any CPU = Release|Any CPU
	EndGlobalSection
	GlobalSection(ProjectConfigurationPlatforms) = postSolution
		{1B983FFF-4043-4F6D-9992-F82056827440}.Debug|Any CPU.ActiveCfg = Debug|Any CPU
		{1B983FFF-4043-4F6D-9992-F82056827440}.Debug|Any CPU.Build.0 = Debug|Any CPU
		{1B983FFF-4043-4F6D-9992-F82056827440}.Release|Any CPU.ActiveCfg = Release|Any CPU
		{1B983FFF-4043-4F6D-9992-F82056827440}.Release|Any CPU.Build.0 = Release|Any CPU
		{B5F6E9DF-CB3B-4490-95C3-80352F3D4F71}.Debug|Any CPU.ActiveCfg = Debug|Any CPU
		{B5F6E9DF-CB3B-4490-95C3-80352F3D4F71}.Debug|Any CPU.Build.0 = Debug|Any CPU
		{B5F6E9DF-CB3B-4490-95C3-80352F3D4F71}.Release|Any CPU.ActiveCfg = Release|Any CPU
		{B5F6E9DF-CB3B-4490-95C3-80352F3D4F71}.Release|Any CPU.Build.0 = Release|Any CPU
	EndGlobalSection
	GlobalSection(SolutionProperties) = preSolution
		HideSolutionNode = FALSE
	EndGlobalSection
	GlobalSection(ExtensibilityGlobals) = postSolution
		SolutionGuid = {18A954E6-1A05-4B7A-816D-6E9F3D8D5254}
	EndGlobalSection
EndGlobal
